
Microsoft Visual Studio Solution File, Format Version 12.00
# Visual Studio Version 16
VisualStudioVersion = 16.0.29025.244
MinimumVisualStudioVersion = 10.0.40219.1
Project("{9A19103F-16F7-4668-BE54-9A1E7A4F7556}") = "C0ffeChat.Backend", "C0ffeeChat.Backend\C0ffeChat.Backend.csproj", "{ACC01A56-4194-4863-B531-FC2017B7DC96}"
EndProject
Project("{9A19103F-16F7-4668-BE54-9A1E7A4F7556}") = "C0ffeeChat.Frontend", "C0ffeeChat.Frontend\C0ffeeChat.Frontend.csproj", "{82FB06D1-B1C2-4311-8C4D-9B009B31687F}"
EndProject
Project("{9A19103F-16F7-4668-BE54-9A1E7A4F7556}") = "C0ffeeChat.Core", "C0ffeeChat.Core\C0ffeeChat.Core.csproj", "{16BEC02E-0F03-419B-B906-F8AB00D3C850}"
EndProject
Global
	GlobalSection(SolutionConfigurationPlatforms) = preSolution
		Debug|Any CPU = Debug|Any CPU
		Release|Any CPU = Release|Any CPU
	EndGlobalSection
	GlobalSection(ProjectConfigurationPlatforms) = postSolution
		{ACC01A56-4194-4863-B531-FC2017B7DC96}.Debug|Any CPU.ActiveCfg = Debug|Any CPU
		{ACC01A56-4194-4863-B531-FC2017B7DC96}.Debug|Any CPU.Build.0 = Debug|Any CPU
		{ACC01A56-4194-4863-B531-FC2017B7DC96}.Release|Any CPU.ActiveCfg = Release|Any CPU
		{ACC01A56-4194-4863-B531-FC2017B7DC96}.Release|Any CPU.Build.0 = Release|Any CPU
		{82FB06D1-B1C2-4311-8C4D-9B009B31687F}.Debug|Any CPU.ActiveCfg = Debug|Any CPU
		{82FB06D1-B1C2-4311-8C4D-9B009B31687F}.Debug|Any CPU.Build.0 = Debug|Any CPU
		{82FB06D1-B1C2-4311-8C4D-9B009B31687F}.Release|Any CPU.ActiveCfg = Release|Any CPU
		{82FB06D1-B1C2-4311-8C4D-9B009B31687F}.Release|Any CPU.Build.0 = Release|Any CPU
		{16BEC02E-0F03-419B-B906-F8AB00D3C850}.Debug|Any CPU.ActiveCfg = Debug|Any CPU
		{16BEC02E-0F03-419B-B906-F8AB00D3C850}.Debug|Any CPU.Build.0 = Debug|Any CPU
		{16BEC02E-0F03-419B-B906-F8AB00D3C850}.Release|Any CPU.ActiveCfg = Release|Any CPU
		{16BEC02E-0F03-419B-B906-F8AB00D3C850}.Release|Any CPU.Build.0 = Release|Any CPU
	EndGlobalSection
	GlobalSection(SolutionProperties) = preSolution
		HideSolutionNode = FALSE
	EndGlobalSection
	GlobalSection(ExtensibilityGlobals) = postSolution
		SolutionGuid = {457078F8-79F4-4F7A-B6AC-85559B93DDD1}
	EndGlobalSection
EndGlobal
